// !$*UTF8*$!
{
	archiveVersion = 1;
	classes = {
	};
	objectVersion = 56;
	objects = {

/* Begin PBXBuildFile section */
		659971C72A8F147D003173B3 /* DimplyApp.swift in Sources */ = {isa = PBXBuildFile; fileRef = 659971C62A8F147D003173B3 /* DimplyApp.swift */; };
		659971C92A8F147D003173B3 /* ContentView.swift in Sources */ = {isa = PBXBuildFile; fileRef = 659971C82A8F147D003173B3 /* ContentView.swift */; };
		659971CB2A8F147E003173B3 /* Assets.xcassets in Resources */ = {isa = PBXBuildFile; fileRef = 659971CA2A8F147E003173B3 /* Assets.xcassets */; };
		659971CE2A8F147E003173B3 /* Preview Assets.xcassets in Resources */ = {isa = PBXBuildFile; fileRef = 659971CD2A8F147E003173B3 /* Preview Assets.xcassets */; };
		659971D02A8F147E003173B3 /* Persistence.swift in Sources */ = {isa = PBXBuildFile; fileRef = 659971CF2A8F147E003173B3 /* Persistence.swift */; };
		659971D32A8F147E003173B3 /* Dimply.xcdatamodeld in Sources */ = {isa = PBXBuildFile; fileRef = 659971D12A8F147E003173B3 /* Dimply.xcdatamodeld */; };
		659971DD2A8F147E003173B3 /* DimplyTests.swift in Sources */ = {isa = PBXBuildFile; fileRef = 659971DC2A8F147E003173B3 /* DimplyTests.swift */; };
		659971E72A8F147E003173B3 /* DimplyUITests.swift in Sources */ = {isa = PBXBuildFile; fileRef = 659971E62A8F147E003173B3 /* DimplyUITests.swift */; };
		659971E92A8F147E003173B3 /* DimplyUITestsLaunchTests.swift in Sources */ = {isa = PBXBuildFile; fileRef = 659971E82A8F147E003173B3 /* DimplyUITestsLaunchTests.swift */; };
		659971F62A8F1529003173B3 /* .gitignore in Resources */ = {isa = PBXBuildFile; fileRef = 659971F52A8F1529003173B3 /* .gitignore */; };
/* End PBXBuildFile section */

/* Begin PBXContainerItemProxy section */
		659971D92A8F147E003173B3 /* PBXContainerItemProxy */ = {
			isa = PBXContainerItemProxy;
			containerPortal = 659971BB2A8F147D003173B3 /* Project object */;
			proxyType = 1;
			remoteGlobalIDString = 659971C22A8F147D003173B3;
			remoteInfo = Dimply;
		};
		659971E32A8F147E003173B3 /* PBXContainerItemProxy */ = {
			isa = PBXContainerItemProxy;
			containerPortal = 659971BB2A8F147D003173B3 /* Project object */;
			proxyType = 1;
			remoteGlobalIDString = 659971C22A8F147D003173B3;
			remoteInfo = Dimply;
		};
/* End PBXContainerItemProxy section */

/* Begin PBXFileReference section */
		659971C32A8F147D003173B3 /* Dimply.app */ = {isa = PBXFileReference; explicitFileType = wrapper.application; includeInIndex = 0; path = Dimply.app; sourceTree = BUILT_PRODUCTS_DIR; };
		659971C62A8F147D003173B3 /* DimplyApp.swift */ = {isa = PBXFileReference; lastKnownFileType = sourcecode.swift; path = DimplyApp.swift; sourceTree = "<group>"; };
		659971C82A8F147D003173B3 /* ContentView.swift */ = {isa = PBXFileReference; lastKnownFileType = sourcecode.swift; path = ContentView.swift; sourceTree = "<group>"; };
		659971CA2A8F147E003173B3 /* Assets.xcassets */ = {isa = PBXFileReference; lastKnownFileType = folder.assetcatalog; path = Assets.xcassets; sourceTree = "<group>"; };
		659971CD2A8F147E003173B3 /* Preview Assets.xcassets */ = {isa = PBXFileReference; lastKnownFileType = folder.assetcatalog; path = "Preview Assets.xcassets"; sourceTree = "<group>"; };
		659971CF2A8F147E003173B3 /* Persistence.swift */ = {isa = PBXFileReference; lastKnownFileType = sourcecode.swift; path = Persistence.swift; sourceTree = "<group>"; };
		659971D22A8F147E003173B3 /* Dimply.xcdatamodel */ = {isa = PBXFileReference; lastKnownFileType = wrapper.xcdatamodel; path = Dimply.xcdatamodel; sourceTree = "<group>"; };
		659971D82A8F147E003173B3 /* DimplyTests.xctest */ = {isa = PBXFileReference; explicitFileType = wrapper.cfbundle; includeInIndex = 0; path = DimplyTests.xctest; sourceTree = BUILT_PRODUCTS_DIR; };
		659971DC2A8F147E003173B3 /* DimplyTests.swift */ = {isa = PBXFileReference; lastKnownFileType = sourcecode.swift; path = DimplyTests.swift; sourceTree = "<group>"; };
		659971E22A8F147E003173B3 /* DimplyUITests.xctest */ = {isa = PBXFileReference; explicitFileType = wrapper.cfbundle; includeInIndex = 0; path = DimplyUITests.xctest; sourceTree = BUILT_PRODUCTS_DIR; };
		659971E62A8F147E003173B3 /* DimplyUITests.swift */ = {isa = PBXFileReference; lastKnownFileType = sourcecode.swift; path = DimplyUITests.swift; sourceTree = "<group>"; };
		659971E82A8F147E003173B3 /* DimplyUITestsLaunchTests.swift */ = {isa = PBXFileReference; lastKnownFileType = sourcecode.swift; path = DimplyUITestsLaunchTests.swift; sourceTree = "<group>"; };
		659971F52A8F1529003173B3 /* .gitignore */ = {isa = PBXFileReference; lastKnownFileType = text; path = .gitignore; sourceTree = SOURCE_ROOT; };
/* End PBXFileReference section */

/* Begin PBXFrameworksBuildPhase section */
		659971C02A8F147D003173B3 /* Frameworks */ = {
			isa = PBXFrameworksBuildPhase;
			buildActionMask = 2147483647;
			files = (
			);
			runOnlyForDeploymentPostprocessing = 0;
		};
		659971D52A8F147E003173B3 /* Frameworks */ = {
			isa = PBXFrameworksBuildPhase;
			buildActionMask = 2147483647;
			files = (
			);
			runOnlyForDeploymentPostprocessing = 0;
		};
		659971DF2A8F147E003173B3 /* Frameworks */ = {
			isa = PBXFrameworksBuildPhase;
			buildActionMask = 2147483647;
			files = (
			);
			runOnlyForDeploymentPostprocessing = 0;
		};
/* End PBXFrameworksBuildPhase section */

/* Begin PBXGroup section */
		659971BA2A8F147D003173B3 = {
			isa = PBXGroup;
			children = (
				659971C52A8F147D003173B3 /* Dimply */,
				659971DB2A8F147E003173B3 /* DimplyTests */,
				659971E52A8F147E003173B3 /* DimplyUITests */,
				659971C42A8F147D003173B3 /* Products */,
			);
			sourceTree = "<group>";
		};
		659971C42A8F147D003173B3 /* Products */ = {
			isa = PBXGroup;
			children = (
				659971C32A8F147D003173B3 /* Dimply.app */,
				659971D82A8F147E003173B3 /* DimplyTests.xctest */,
				659971E22A8F147E003173B3 /* DimplyUITests.xctest */,
			);
			name = Products;
			sourceTree = "<group>";
		};
		659971C52A8F147D003173B3 /* Dimply */ = {
			isa = PBXGroup;
			children = (
				659971C62A8F147D003173B3 /* DimplyApp.swift */,
				659971C82A8F147D003173B3 /* ContentView.swift */,
				659971F52A8F1529003173B3 /* .gitignore */,
				659971CA2A8F147E003173B3 /* Assets.xcassets */,
				659971CF2A8F147E003173B3 /* Persistence.swift */,
				659971D12A8F147E003173B3 /* Dimply.xcdatamodeld */,
				659971CC2A8F147E003173B3 /* Preview Content */,
			);
			path = Dimply;
			sourceTree = "<group>";
		};
		659971CC2A8F147E003173B3 /* Preview Content */ = {
			isa = PBXGroup;
			children = (
				659971CD2A8F147E003173B3 /* Preview Assets.xcassets */,
			);
			path = "Preview Content";
			sourceTree = "<group>";
		};
		659971DB2A8F147E003173B3 /* DimplyTests */ = {
			isa = PBXGroup;
			children = (
				659971DC2A8F147E003173B3 /* DimplyTests.swift */,
			);
			path = DimplyTests;
			sourceTree = "<group>";
		};
		659971E52A8F147E003173B3 /* DimplyUITests */ = {
			isa = PBXGroup;
			children = (
				659971E62A8F147E003173B3 /* DimplyUITests.swift */,
				659971E82A8F147E003173B3 /* DimplyUITestsLaunchTests.swift */,
			);
			path = DimplyUITests;
			sourceTree = "<group>";
		};
/* End PBXGroup section */

/* Begin PBXNativeTarget section */
		659971C22A8F147D003173B3 /* Dimply */ = {
			isa = PBXNativeTarget;
			buildConfigurationList = 659971EC2A8F147E003173B3 /* Build configuration list for PBXNativeTarget "Dimply" */;
			buildPhases = (
				659971BF2A8F147D003173B3 /* Sources */,
				659971C02A8F147D003173B3 /* Frameworks */,
				659971C12A8F147D003173B3 /* Resources */,
			);
			buildRules = (
			);
			dependencies = (
			);
			name = Dimply;
			productName = Dimply;
			productReference = 659971C32A8F147D003173B3 /* Dimply.app */;
			productType = "com.apple.product-type.application";
		};
		659971D72A8F147E003173B3 /* DimplyTests */ = {
			isa = PBXNativeTarget;
			buildConfigurationList = 659971EF2A8F147E003173B3 /* Build configuration list for PBXNativeTarget "DimplyTests" */;
			buildPhases = (
				659971D42A8F147E003173B3 /* Sources */,
				659971D52A8F147E003173B3 /* Frameworks */,
				659971D62A8F147E003173B3 /* Resources */,
			);
			buildRules = (
			);
			dependencies = (
				659971DA2A8F147E003173B3 /* PBXTargetDependency */,
			);
			name = DimplyTests;
			productName = DimplyTests;
			productReference = 659971D82A8F147E003173B3 /* DimplyTests.xctest */;
			productType = "com.apple.product-type.bundle.unit-test";
		};
		659971E12A8F147E003173B3 /* DimplyUITests */ = {
			isa = PBXNativeTarget;
			buildConfigurationList = 659971F22A8F147E003173B3 /* Build configuration list for PBXNativeTarget "DimplyUITests" */;
			buildPhases = (
				659971DE2A8F147E003173B3 /* Sources */,
				659971DF2A8F147E003173B3 /* Frameworks */,
				659971E02A8F147E003173B3 /* Resources */,
			);
			buildRules = (
			);
			dependencies = (
				659971E42A8F147E003173B3 /* PBXTargetDependency */,
			);
			name = DimplyUITests;
			productName = DimplyUITests;
			productReference = 659971E22A8F147E003173B3 /* DimplyUITests.xctest */;
			productType = "com.apple.product-type.bundle.ui-testing";
		};
/* End PBXNativeTarget section */

/* Begin PBXProject section */
		659971BB2A8F147D003173B3 /* Project object */ = {
			isa = PBXProject;
			attributes = {
				BuildIndependentTargetsInParallel = 1;
				LastSwiftUpdateCheck = 1430;
				LastUpgradeCheck = 1430;
				TargetAttributes = {
					659971C22A8F147D003173B3 = {
						CreatedOnToolsVersion = 14.3.1;
					};
					659971D72A8F147E003173B3 = {
						CreatedOnToolsVersion = 14.3.1;
						TestTargetID = 659971C22A8F147D003173B3;
					};
					659971E12A8F147E003173B3 = {
						CreatedOnToolsVersion = 14.3.1;
						TestTargetID = 659971C22A8F147D003173B3;
					};
				};
			};
			buildConfigurationList = 659971BE2A8F147D003173B3 /* Build configuration list for PBXProject "Dimply" */;
			compatibilityVersion = "Xcode 14.0";
			developmentRegion = en;
			hasScannedForEncodings = 0;
			knownRegions = (
				en,
				Base,
			);
			mainGroup = 659971BA2A8F147D003173B3;
			productRefGroup = 659971C42A8F147D003173B3 /* Products */;
			projectDirPath = "";
			projectRoot = "";
			targets = (
				659971C22A8F147D003173B3 /* Dimply */,
				659971D72A8F147E003173B3 /* DimplyTests */,
				659971E12A8F147E003173B3 /* DimplyUITests */,
			);
		};
/* End PBXProject section */

/* Begin PBXResourcesBuildPhase section */
		659971C12A8F147D003173B3 /* Resources */ = {
			isa = PBXResourcesBuildPhase;
			buildActionMask = 2147483647;
			files = (
				659971CE2A8F147E003173B3 /* Preview Assets.xcassets in Resources */,
				659971F62A8F1529003173B3 /* .gitignore in Resources */,
				659971CB2A8F147E003173B3 /* Assets.xcassets in Resources */,
			);
			runOnlyForDeploymentPostprocessing = 0;
		};
		659971D62A8F147E003173B3 /* Resources */ = {
			isa = PBXResourcesBuildPhase;
			buildActionMask = 2147483647;
			files = (
			);
			runOnlyForDeploymentPostprocessing = 0;
		};
		659971E02A8F147E003173B3 /* Resources */ = {
			isa = PBXResourcesBuildPhase;
			buildActionMask = 2147483647;
			files = (
			);
			runOnlyForDeploymentPostprocessing = 0;
		};
/* End PBXResourcesBuildPhase section */

/* Begin PBXSourcesBuildPhase section */
		659971BF2A8F147D003173B3 /* Sources */ = {
			isa = PBXSourcesBuildPhase;
			buildActionMask = 2147483647;
			files = (
				659971D02A8F147E003173B3 /* Persistence.swift in Sources */,
				659971C92A8F147D003173B3 /* ContentView.swift in Sources */,
				659971D32A8F147E003173B3 /* Dimply.xcdatamodeld in Sources */,
				659971C72A8F147D003173B3 /* DimplyApp.swift in Sources */,
			);
			runOnlyForDeploymentPostprocessing = 0;
		};
		659971D42A8F147E003173B3 /* Sources */ = {
			isa = PBXSourcesBuildPhase;
			buildActionMask = 2147483647;
			files = (
				659971DD2A8F147E003173B3 /* DimplyTests.swift in Sources */,
			);
			runOnlyForDeploymentPostprocessing = 0;
		};
		659971DE2A8F147E003173B3 /* Sources */ = {
			isa = PBXSourcesBuildPhase;
			buildActionMask = 2147483647;
			files = (
				659971E72A8F147E003173B3 /* DimplyUITests.swift in Sources */,
				659971E92A8F147E003173B3 /* DimplyUITestsLaunchTests.swift in Sources */,
			);
			runOnlyForDeploymentPostprocessing = 0;
		};
/* End PBXSourcesBuildPhase section */

/* Begin PBXTargetDependency section */
		659971DA2A8F147E003173B3 /* PBXTargetDependency */ = {
			isa = PBXTargetDependency;
			target = 659971C22A8F147D003173B3 /* Dimply */;
			targetProxy = 659971D92A8F147E003173B3 /* PBXContainerItemProxy */;
		};
		659971E42A8F147E003173B3 /* PBXTargetDependency */ = {
			isa = PBXTargetDependency;
			target = 659971C22A8F147D003173B3 /* Dimply */;
			targetProxy = 659971E32A8F147E003173B3 /* PBXContainerItemProxy */;
		};
/* End PBXTargetDependency section */

/* Begin XCBuildConfiguration section */
		659971EA2A8F147E003173B3 /* Debug */ = {
			isa = XCBuildConfiguration;
			buildSettings = {
				ALWAYS_SEARCH_USER_PATHS = NO;
				CLANG_ANALYZER_NONNULL = YES;
				CLANG_ANALYZER_NUMBER_OBJECT_CONVERSION = YES_AGGRESSIVE;
				CLANG_CXX_LANGUAGE_STANDARD = "gnu++20";
				CLANG_ENABLE_MODULES = YES;
				CLANG_ENABLE_OBJC_ARC = YES;
				CLANG_ENABLE_OBJC_WEAK = YES;
				CLANG_WARN_BLOCK_CAPTURE_AUTORELEASING = YES;
				CLANG_WARN_BOOL_CONVERSION = YES;
				CLANG_WARN_COMMA = YES;
				CLANG_WARN_CONSTANT_CONVERSION = YES;
				CLANG_WARN_DEPRECATED_OBJC_IMPLEMENTATIONS = YES;
				CLANG_WARN_DIRECT_OBJC_ISA_USAGE = YES_ERROR;
				CLANG_WARN_DOCUMENTATION_COMMENTS = YES;
				CLANG_WARN_EMPTY_BODY = YES;
				CLANG_WARN_ENUM_CONVERSION = YES;
				CLANG_WARN_INFINITE_RECURSION = YES;
				CLANG_WARN_INT_CONVERSION = YES;
				CLANG_WARN_NON_LITERAL_NULL_CONVERSION = YES;
				CLANG_WARN_OBJC_IMPLICIT_RETAIN_SELF = YES;
				CLANG_WARN_OBJC_LITERAL_CONVERSION = YES;
				CLANG_WARN_OBJC_ROOT_CLASS = YES_ERROR;
				CLANG_WARN_QUOTED_INCLUDE_IN_FRAMEWORK_HEADER = YES;
				CLANG_WARN_RANGE_LOOP_ANALYSIS = YES;
				CLANG_WARN_STRICT_PROTOTYPES = YES;
				CLANG_WARN_SUSPICIOUS_MOVE = YES;
				CLANG_WARN_UNGUARDED_AVAILABILITY = YES_AGGRESSIVE;
				CLANG_WARN_UNREACHABLE_CODE = YES;
				CLANG_WARN__DUPLICATE_METHOD_MATCH = YES;
				COPY_PHASE_STRIP = NO;
				DEBUG_INFORMATION_FORMAT = dwarf;
				ENABLE_STRICT_OBJC_MSGSEND = YES;
				ENABLE_TESTABILITY = YES;
				GCC_C_LANGUAGE_STANDARD = gnu11;
				GCC_DYNAMIC_NO_PIC = NO;
				GCC_NO_COMMON_BLOCKS = YES;
				GCC_OPTIMIZATION_LEVEL = 0;
				GCC_PREPROCESSOR_DEFINITIONS = (
					"DEBUG=1",
					"$(inherited)",
				);
				GCC_WARN_64_TO_32_BIT_CONVERSION = YES;
				GCC_WARN_ABOUT_RETURN_TYPE = YES_ERROR;
				GCC_WARN_UNDECLARED_SELECTOR = YES;
				GCC_WARN_UNINITIALIZED_AUTOS = YES_AGGRESSIVE;
				GCC_WARN_UNUSED_FUNCTION = YES;
				GCC_WARN_UNUSED_VARIABLE = YES;
				IPHONEOS_DEPLOYMENT_TARGET = 16.4;
				MTL_ENABLE_DEBUG_INFO = INCLUDE_SOURCE;
				MTL_FAST_MATH = YES;
				ONLY_ACTIVE_ARCH = YES;
				SDKROOT = iphoneos;
				SWIFT_ACTIVE_COMPILATION_CONDITIONS = DEBUG;
				SWIFT_OPTIMIZATION_LEVEL = "-Onone";
			};
			name = Debug;
		};
		659971EB2A8F147E003173B3 /* Release */ = {
			isa = XCBuildConfiguration;
			buildSettings = {
				ALWAYS_SEARCH_USER_PATHS = NO;
				CLANG_ANALYZER_NONNULL = YES;
				CLANG_ANALYZER_NUMBER_OBJECT_CONVERSION = YES_AGGRESSIVE;
				CLANG_CXX_LANGUAGE_STANDARD = "gnu++20";
				CLANG_ENABLE_MODULES = YES;
				CLANG_ENABLE_OBJC_ARC = YES;
				CLANG_ENABLE_OBJC_WEAK = YES;
				CLANG_WARN_BLOCK_CAPTURE_AUTORELEASING = YES;
				CLANG_WARN_BOOL_CONVERSION = YES;
				CLANG_WARN_COMMA = YES;
				CLANG_WARN_CONSTANT_CONVERSION = YES;
				CLANG_WARN_DEPRECATED_OBJC_IMPLEMENTATIONS = YES;
				CLANG_WARN_DIRECT_OBJC_ISA_USAGE = YES_ERROR;
				CLANG_WARN_DOCUMENTATION_COMMENTS = YES;
				CLANG_WARN_EMPTY_BODY = YES;
				CLANG_WARN_ENUM_CONVERSION = YES;
				CLANG_WARN_INFINITE_RECURSION = YES;
				CLANG_WARN_INT_CONVERSION = YES;
				CLANG_WARN_NON_LITERAL_NULL_CONVERSION = YES;
				CLANG_WARN_OBJC_IMPLICIT_RETAIN_SELF = YES;
				CLANG_WARN_OBJC_LITERAL_CONVERSION = YES;
				CLANG_WARN_OBJC_ROOT_CLASS = YES_ERROR;
				CLANG_WARN_QUOTED_INCLUDE_IN_FRAMEWORK_HEADER = YES;
				CLANG_WARN_RANGE_LOOP_ANALYSIS = YES;
				CLANG_WARN_STRICT_PROTOTYPES = YES;
				CLANG_WARN_SUSPICIOUS_MOVE = YES;
				CLANG_WARN_UNGUARDED_AVAILABILITY = YES_AGGRESSIVE;
				CLANG_WARN_UNREACHABLE_CODE = YES;
				CLANG_WARN__DUPLICATE_METHOD_MATCH = YES;
				COPY_PHASE_STRIP = NO;
				DEBUG_INFORMATION_FORMAT = "dwarf-with-dsym";
				ENABLE_NS_ASSERTIONS = NO;
				ENABLE_STRICT_OBJC_MSGSEND = YES;
				GCC_C_LANGUAGE_STANDARD = gnu11;
				GCC_NO_COMMON_BLOCKS = YES;
				GCC_WARN_64_TO_32_BIT_CONVERSION = YES;
				GCC_WARN_ABOUT_RETURN_TYPE = YES_ERROR;
				GCC_WARN_UNDECLARED_SELECTOR = YES;
				GCC_WARN_UNINITIALIZED_AUTOS = YES_AGGRESSIVE;
				GCC_WARN_UNUSED_FUNCTION = YES;
				GCC_WARN_UNUSED_VARIABLE = YES;
				IPHONEOS_DEPLOYMENT_TARGET = 16.4;
				MTL_ENABLE_DEBUG_INFO = NO;
				MTL_FAST_MATH = YES;
				SDKROOT = iphoneos;
				SWIFT_COMPILATION_MODE = wholemodule;
				SWIFT_OPTIMIZATION_LEVEL = "-O";
				VALIDATE_PRODUCT = YES;
			};
			name = Release;
		};
		659971ED2A8F147E003173B3 /* Debug */ = {
			isa = XCBuildConfiguration;
			buildSettings = {
				ASSETCATALOG_COMPILER_APPICON_NAME = AppIcon;
				ASSETCATALOG_COMPILER_GLOBAL_ACCENT_COLOR_NAME = AccentColor;
				CODE_SIGN_STYLE = Automatic;
				CURRENT_PROJECT_VERSION = 1;
				DEVELOPMENT_ASSET_PATHS = "\"Dimply/Preview Content\"";
				ENABLE_PREVIEWS = YES;
				GENERATE_INFOPLIST_FILE = YES;
				INFOPLIST_KEY_UIApplicationSceneManifest_Generation = YES;
				INFOPLIST_KEY_UIApplicationSupportsIndirectInputEvents = YES;
				INFOPLIST_KEY_UILaunchScreen_Generation = YES;
				INFOPLIST_KEY_UISupportedInterfaceOrientations_iPad = "UIInterfaceOrientationPortrait UIInterfaceOrientationPortraitUpsideDown UIInterfaceOrientationLandscapeLeft UIInterfaceOrientationLandscapeRight";
				INFOPLIST_KEY_UISupportedInterfaceOrientations_iPhone = "UIInterfaceOrientationPortrait UIInterfaceOrientationLandscapeLeft UIInterfaceOrientationLandscapeRight";
				LD_RUNPATH_SEARCH_PATHS = (
					"$(inherited)",
					"@executable_path/Frameworks",
				);
				MARKETING_VERSION = 1.0;
				PRODUCT_BUNDLE_IDENTIFIER = com.rajif.Dimply;
				PRODUCT_NAME = "$(TARGET_NAME)";
				SWIFT_EMIT_LOC_STRINGS = YES;
				SWIFT_VERSION = 5.0;
				TARGETED_DEVICE_FAMILY = "1,2";
			};
			name = Debug;
		};
		659971EE2A8F147E003173B3 /* Release */ = {
			isa = XCBuildConfiguration;
			buildSettings = {
				ASSETCATALOG_COMPILER_APPICON_NAME = AppIcon;
				ASSETCATALOG_COMPILER_GLOBAL_ACCENT_COLOR_NAME = AccentColor;
				CODE_SIGN_STYLE = Automatic;
				CURRENT_PROJECT_VERSION = 1;
				DEVELOPMENT_ASSET_PATHS = "\"Dimply/Preview Content\"";
				ENABLE_PREVIEWS = YES;
				GENERATE_INFOPLIST_FILE = YES;
				INFOPLIST_KEY_UIApplicationSceneManifest_Generation = YES;
				INFOPLIST_KEY_UIApplicationSupportsIndirectInputEvents = YES;
				INFOPLIST_KEY_UILaunchScreen_Generation = YES;
				INFOPLIST_KEY_UISupportedInterfaceOrientations_iPad = "UIInterfaceOrientationPortrait UIInterfaceOrientationPortraitUpsideDown UIInterfaceOrientationLandscapeLeft UIInterfaceOrientationLandscapeRight";
				INFOPLIST_KEY_UISupportedInterfaceOrientations_iPhone = "UIInterfaceOrientationPortrait UIInterfaceOrientationLandscapeLeft UIInterfaceOrientationLandscapeRight";
				LD_RUNPATH_SEARCH_PATHS = (
					"$(inherited)",
					"@executable_path/Frameworks",
				);
				MARKETING_VERSION = 1.0;
				PRODUCT_BUNDLE_IDENTIFIER = com.rajif.Dimply;
				PRODUCT_NAME = "$(TARGET_NAME)";
				SWIFT_EMIT_LOC_STRINGS = YES;
				SWIFT_VERSION = 5.0;
				TARGETED_DEVICE_FAMILY = "1,2";
			};
			name = Release;
		};
		659971F02A8F147E003173B3 /* Debug */ = {
			isa = XCBuildConfiguration;
			buildSettings = {
				ALWAYS_EMBED_SWIFT_STANDARD_LIBRARIES = YES;
				BUNDLE_LOADER = "$(TEST_HOST)";
				CODE_SIGN_STYLE = Automatic;
				CURRENT_PROJECT_VERSION = 1;
				GENERATE_INFOPLIST_FILE = YES;
				IPHONEOS_DEPLOYMENT_TARGET = 16.4;
				MARKETING_VERSION = 1.0;
				PRODUCT_BUNDLE_IDENTIFIER = com.rajif.DimplyTests;
				PRODUCT_NAME = "$(TARGET_NAME)";
				SWIFT_EMIT_LOC_STRINGS = NO;
				SWIFT_VERSION = 5.0;
				TARGETED_DEVICE_FAMILY = "1,2";
				TEST_HOST = "$(BUILT_PRODUCTS_DIR)/Dimply.app/$(BUNDLE_EXECUTABLE_FOLDER_PATH)/Dimply";
			};
			name = Debug;
		};
		659971F12A8F147E003173B3 /* Release */ = {
			isa = XCBuildConfiguration;
			buildSettings = {
				ALWAYS_EMBED_SWIFT_STANDARD_LIBRARIES = YES;
				BUNDLE_LOADER = "$(TEST_HOST)";
				CODE_SIGN_STYLE = Automatic;
				CURRENT_PROJECT_VERSION = 1;
				GENERATE_INFOPLIST_FILE = YES;
				IPHONEOS_DEPLOYMENT_TARGET = 16.4;
				MARKETING_VERSION = 1.0;
				PRODUCT_BUNDLE_IDENTIFIER = com.rajif.DimplyTests;
				PRODUCT_NAME = "$(TARGET_NAME)";
				SWIFT_EMIT_LOC_STRINGS = NO;
				SWIFT_VERSION = 5.0;
				TARGETED_DEVICE_FAMILY = "1,2";
				TEST_HOST = "$(BUILT_PRODUCTS_DIR)/Dimply.app/$(BUNDLE_EXECUTABLE_FOLDER_PATH)/Dimply";
			};
			name = Release;
		};
		659971F32A8F147E003173B3 /* Debug */ = {
			isa = XCBuildConfiguration;
			buildSettings = {
				ALWAYS_EMBED_SWIFT_STANDARD_LIBRARIES = YES;
				CODE_SIGN_STYLE = Automatic;
				CURRENT_PROJECT_VERSION = 1;
				GENERATE_INFOPLIST_FILE = YES;
				MARKETING_VERSION = 1.0;
				PRODUCT_BUNDLE_IDENTIFIER = com.rajif.DimplyUITests;
				PRODUCT_NAME = "$(TARGET_NAME)";
				SWIFT_EMIT_LOC_STRINGS = NO;
				SWIFT_VERSION = 5.0;
				TARGETED_DEVICE_FAMILY = "1,2";
				TEST_TARGET_NAME = Dimply;
			};
			name = Debug;
		};
		659971F42A8F147E003173B3 /* Release */ = {
			isa = XCBuildConfiguration;
			buildSettings = {
				ALWAYS_EMBED_SWIFT_STANDARD_LIBRARIES = YES;
				CODE_SIGN_STYLE = Automatic;
				CURRENT_PROJECT_VERSION = 1;
				GENERATE_INFOPLIST_FILE = YES;
				MARKETING_VERSION = 1.0;
				PRODUCT_BUNDLE_IDENTIFIER = com.rajif.DimplyUITests;
				PRODUCT_NAME = "$(TARGET_NAME)";
				SWIFT_EMIT_LOC_STRINGS = NO;
				SWIFT_VERSION = 5.0;
				TARGETED_DEVICE_FAMILY = "1,2";
				TEST_TARGET_NAME = Dimply;
			};
			name = Release;
		};
/* End XCBuildConfiguration section */

/* Begin XCConfigurationList section */
		659971BE2A8F147D003173B3 /* Build configuration list for PBXProject "Dimply" */ = {
			isa = XCConfigurationList;
			buildConfigurations = (
				659971EA2A8F147E003173B3 /* Debug */,
				659971EB2A8F147E003173B3 /* Release */,
			);
			defaultConfigurationIsVisible = 0;
			defaultConfigurationName = Release;
		};
		659971EC2A8F147E003173B3 /* Build configuration list for PBXNativeTarget "Dimply" */ = {
			isa = XCConfigurationList;
			buildConfigurations = (
				659971ED2A8F147E003173B3 /* Debug */,
				659971EE2A8F147E003173B3 /* Release */,
			);
			defaultConfigurationIsVisible = 0;
			defaultConfigurationName = Release;
		};
		659971EF2A8F147E003173B3 /* Build configuration list for PBXNativeTarget "DimplyTests" */ = {
			isa = XCConfigurationList;
			buildConfigurations = (
				659971F02A8F147E003173B3 /* Debug */,
				659971F12A8F147E003173B3 /* Release */,
			);
			defaultConfigurationIsVisible = 0;
			defaultConfigurationName = Release;
		};
		659971F22A8F147E003173B3 /* Build configuration list for PBXNativeTarget "DimplyUITests" */ = {
			isa = XCConfigurationList;
			buildConfigurations = (
				659971F32A8F147E003173B3 /* Debug */,
				659971F42A8F147E003173B3 /* Release */,
			);
			defaultConfigurationIsVisible = 0;
			defaultConfigurationName = Release;
		};
/* End XCConfigurationList section */

/* Begin XCVersionGroup section */
		659971D12A8F147E003173B3 /* Dimply.xcdatamodeld */ = {
			isa = XCVersionGroup;
			children = (
				659971D22A8F147E003173B3 /* Dimply.xcdatamodel */,
			);
			currentVersion = 659971D22A8F147E003173B3 /* Dimply.xcdatamodel */;
			path = Dimply.xcdatamodeld;
			sourceTree = "<group>";
			versionGroupType = wrapper.xcdatamodel;
		};
/* End XCVersionGroup section */
	};
	rootObject = 659971BB2A8F147D003173B3 /* Project object */;
}
